{
  "name": "example-project",
  "version": "1.2.26",
  "lockfileVersion": 3,
  "requires": true,
  "packages": {
    "": {
      "name": "example-project",
      "version": "1.2.26",
      "dependencies": {
        "@tscircuit/builder": "^1.5.134",
        "@tscircuit/layout": "^0.0.25",
        "@tscircuit/react-fiber": "^1.1.29"
      }
    },
    "node_modules/@babel/runtime": {
      "version": "7.24.4",
      "resolved": "https://registry.npmjs.org/@babel/runtime/-/runtime-7.24.4.tgz",
      "integrity": "sha512-dkxf7+hn8mFBwKjs9bvBlArzLVxVbS8usaPUDd5p2a9JCL9tB8OaOVN1isD4+Xyk4ns89/xeOmbQvgdK7IIVdA==",
      "dependencies": {
        "regenerator-runtime": "^0.14.0"
      },
      "engines": {
        "node": ">=6.9.0"
      }
    },
    "node_modules/@lume/kiwi": {
      "version": "0.1.0",
      "resolved": "https://registry.npmjs.org/@lume/kiwi/-/kiwi-0.1.0.tgz",
      "integrity": "sha512-iB+oaYyaVK1hQ0cODubnoSDg4gGYL9cp/4ad7G1b9Z0/IqehPztp5qE3KP2mV9Ns0UYmzwvtkEhTCmKUuhorbg=="
    },
    "node_modules/@tscircuit/builder": {
      "version": "1.5.148",
      "resolved": "https://registry.npmjs.org/@tscircuit/builder/-/builder-1.5.148.tgz",
      "integrity": "sha512-H8zn2XD1Ie1GITG7nH8DzLYHrUbMPtlc8aXe9krPMDE+zxl5OBIwfDe5Hmi8bO0G0790cvUQU71b8qZeDVh35w==",
      "license": "MIT",
      "dependencies": {
        "@lume/kiwi": "^0.1.0",
        "@tscircuit/layout": "^0.0.25",
        "@tscircuit/routing": "1.3.1",
        "@tscircuit/schematic-autolayout": "^0.0.5",
        "convert-units": "^2.3.4",
        "fast-json-stable-stringify": "^2.1.0",
        "format-si-prefix": "^0.3.2",
        "papaparse": "^5.4.1",
        "rectilinear-router": "^1.0.1",
        "svg-path-bounds": "^1.0.2",
        "transformation-matrix": "^2.12.0"
      },
      "peerDependencies": {
        "@tscircuit/footprinter": "*",
        "@tscircuit/props": "*",
        "@tscircuit/soup": "*",
        "@tscircuit/soup-util": "*"
      }
    },
    "node_modules/@tscircuit/footprinter": {
      "version": "0.0.43",
      "resolved": "https://registry.npmjs.org/@tscircuit/footprinter/-/footprinter-0.0.43.tgz",
      "integrity": "sha512-L5Z6XmvcC09iT5+SZc7rQ4rNYfLjWD5j4VB7/ymSiz0Gh17DoNx5FnWKL57BNWxRHLNe+6OPBlWnPBzlzHSEOQ==",
      "peer": true,
      "dependencies": {
        "@tscircuit/mm": "^0.0.7",
        "zod": "^3.23.8"
      }
    },
    "node_modules/@tscircuit/layout": {
      "version": "0.0.25",
      "resolved": "https://registry.npmjs.org/@tscircuit/layout/-/layout-0.0.25.tgz",
      "integrity": "sha512-Mk7LveFUkvV7X5+DjX3aAKClkvPOcIEiPz6knIxay3VZCMJw7sSX1QJVa6VJiUiaV51uFohqvwymLhYOaW/kAg==",
      "license": "ISC",
      "dependencies": {
        "transformation-matrix": "^2.16.1"
      },
      "peerDependencies": {
        "@tscircuit/manual-edit-events": "*",
        "@tscircuit/schematic-autolayout": "*",
        "@tscircuit/soup": "*",
        "@tscircuit/soup-util": "*",
        "zod": "*"
      }
    },
    "node_modules/@tscircuit/manual-edit-events": {
      "version": "0.0.4",
      "resolved": "https://registry.npmjs.org/@tscircuit/manual-edit-events/-/manual-edit-events-0.0.4.tgz",
      "integrity": "sha512-Df5dkOc9T7rHtnHSmI3GAR5zWdsJo8S5DzrJHjmHLXZ/fQZ7+qY+rEzyuOneFRiOqXx2tVkdFEj59MnX8ix/Wg==",
      "license": "ISC",
      "peer": true,
      "dependencies": {
        "zod": "^3.23.8"
      }
    },
    "node_modules/@tscircuit/mm": {
      "version": "0.0.7",
      "resolved": "https://registry.npmjs.org/@tscircuit/mm/-/mm-0.0.7.tgz",
      "integrity": "sha512-5lZjeOsrkQDnMd4OEuXQYC8k+zuWCbX9Ruq69JhcvLu18FUen3pPjBxmFyF2DGZYxaTrKUpUdZvoTr49TISN2g==",
      "peer": true,
      "dependencies": {
        "convert-units": "^2.3.4"
      },
      "peerDependencies": {
        "typescript": "^5.0.0"
      }
    },
    "node_modules/@tscircuit/props": {
      "version": "0.0.13",
      "resolved": "https://registry.npmjs.org/@tscircuit/props/-/props-0.0.13.tgz",
      "integrity": "sha512-mMEBrWkK2BFoC3OAEgQZxjf/jOEL9+67xK7sOY7rnrLEiOspF7f+ZyY/hCmBvSgOsoW5v46MWxNuxjMh4ajizw==",
      "peer": true,
      "peerDependencies": {
        "@tscircuit/layout": "*",
        "@tscircuit/soup": "*",
        "react": "*",
        "zod": "*"
      }
    },
    "node_modules/@tscircuit/react-fiber": {
      "version": "1.2.0",
      "resolved": "https://registry.npmjs.org/@tscircuit/react-fiber/-/react-fiber-1.2.0.tgz",
      "integrity": "sha512-PpgVskFZBCLv5gz0KHuc3fkPBftenzo/MJeyumy2uKc0ApMTaQSd1i6SiEG5Khat7njvBGCwzxKj3dYBCeCKrg==",
      "license": "MIT",
      "dependencies": {
        "@tscircuit/soup": "^0.0.34",
        "react-reconciler": "^0.29.0",
        "to-snake-case": "^1.0.0"
      },
      "peerDependencies": {
        "@tscircuit/builder": "*",
        "@tscircuit/props": "*",
        "react": "*"
      }
    },
    "node_modules/@tscircuit/routing": {
      "version": "1.3.1",
      "resolved": "https://registry.npmjs.org/@tscircuit/routing/-/routing-1.3.1.tgz",
      "integrity": "sha512-DQRAFvk3uikRMbeOTWnNAdoSVdStx9o8UZhvh6pcoqxJsx4RKWg8d9ssycm2v7wzyg8rjjUPJUpymgkJQtBPpA==",
      "dependencies": {
        "pathfinding": "^0.4.18",
        "react-error-boundary": "^4.0.11"
      }
    },
    "node_modules/@tscircuit/schematic-autolayout": {
      "version": "0.0.5",
      "resolved": "https://registry.npmjs.org/@tscircuit/schematic-autolayout/-/schematic-autolayout-0.0.5.tgz",
      "integrity": "sha512-I4CtLQfqTPTxDSumnquaJtkJkc16VjLC4bwU3jQdBXwwh9ODzBf88clUznUtDDzwV+BPM5P0W0VCfFhvPL3/Cw==",
      "dependencies": {
        "react": "^18.2.0",
        "react-dom": "^18.2.0",
        "react-supergrid": "^1.0.10",
        "transformation-matrix": "^2.16.1",
        "use-mouse-matrix-transform": "^1.1.12"
      }
    },
    "node_modules/@tscircuit/soup": {
      "version": "0.0.34",
      "resolved": "https://registry.npmjs.org/@tscircuit/soup/-/soup-0.0.34.tgz",
      "integrity": "sha512-Xz0bwDE5FiF8qXaG0LZ5UEx7HeKX3FLvKhqq02l+iyzmoSBiwhlf8U4Z2WI+XtY63KSyqlv8r0ixNrtWrlWucQ==",
      "license": "ISC",
      "dependencies": {
        "convert-units": "^2.3.4",
        "zod": "^3.23.6"
      }
    },
    "node_modules/@tscircuit/soup-util": {
      "version": "0.0.10",
      "resolved": "https://registry.npmjs.org/@tscircuit/soup-util/-/soup-util-0.0.10.tgz",
      "integrity": "sha512-mwZS7C6f6wjp20g77GucXZ8VrzNsIZxqRQjGitvLUK7y+n3xd7iKb/eP5QDM0PldbidTDC/RR/A46MhJLz0Rhg==",
      "peer": true,
      "dependencies": {
        "@tscircuit/soup": "^0.0.15"
      },
      "peerDependencies": {
        "zod": "*"
      }
    },
    "node_modules/@tscircuit/soup-util/node_modules/@tscircuit/soup": {
      "version": "0.0.15",
      "resolved": "https://registry.npmjs.org/@tscircuit/soup/-/soup-0.0.15.tgz",
      "integrity": "sha512-lMCjcIztiYjBDNNEcMFtwgosUTbget2arwqkRVCAjRP8G+r6gjUNhVLcMyN3cZGdLpHce8lm/h2kE4tYO4S7GA==",
      "peer": true,
      "dependencies": {
        "convert-units": "^2.3.4",
        "zod": "^3.23.6"
      }
    },
    "node_modules/abs-svg-path": {
      "version": "0.1.1",
      "resolved": "https://registry.npmjs.org/abs-svg-path/-/abs-svg-path-0.1.1.tgz",
      "integrity": "sha512-d8XPSGjfyzlXC3Xx891DJRyZfqk5JU0BJrDQcsWomFIV1/BIzPW5HDH5iDdWpqWaav0YVIEzT1RHTwWr0FFshA=="
    },
    "node_modules/convert-units": {
      "version": "2.3.4",
      "resolved": "https://registry.npmjs.org/convert-units/-/convert-units-2.3.4.tgz",
      "integrity": "sha512-ERHfdA0UhHJp1IpwE6PnFJx8LqG7B1ZjJ20UvVCmopEnVCfER68Tbe3kvN63dLbYXDA2xFWRE6zd4Wsf0w7POg==",
      "dependencies": {
        "lodash.foreach": "2.3.x",
        "lodash.keys": "2.3.x"
      }
    },
    "node_modules/fast-json-stable-stringify": {
      "version": "2.1.0",
      "resolved": "https://registry.npmjs.org/fast-json-stable-stringify/-/fast-json-stable-stringify-2.1.0.tgz",
      "integrity": "sha512-lhd/wF+Lk98HZoTCtlVraHtfh5XYijIjalXck7saUtuanSDyLMxnHhSXEDJqHxD7msR8D0uCmqlkwjCV8xvwHw=="
    },
    "node_modules/format-si-prefix": {
      "version": "0.3.2",
      "resolved": "https://registry.npmjs.org/format-si-prefix/-/format-si-prefix-0.3.2.tgz",
      "integrity": "sha512-gtCZh4RpmlmEZtyzyvs+FXXWOmdfpQQ0M7mjc81zpAYm5QpsoUDPKhAK+Lj7fJCtZSJpE5xbpCYgspCBxahObQ==",
      "dependencies": {
        "parseunit": "^0"
      }
    },
    "node_modules/glpk.js": {
      "version": "4.0.2",
      "resolved": "https://registry.npmjs.org/glpk.js/-/glpk.js-4.0.2.tgz",
      "integrity": "sha512-GADfTGaExp7C6JfBnBdx7SF80hxPO30VvLP9wpA6EhXgDj5/Oapm+gyF0EFEC7RrPX4JpfRI3TmAtlLckeQIXw==",
      "dependencies": {
        "pako": "^2.0.4"
      }
    },
    "node_modules/heap": {
      "version": "0.2.5",
      "resolved": "https://registry.npmjs.org/heap/-/heap-0.2.5.tgz",
      "integrity": "sha512-G7HLD+WKcrOyJP5VQwYZNC3Z6FcQ7YYjEFiFoIj8PfEr73mu421o8B1N5DKUcc8K37EsJ2XXWA8DtrDz/2dReg=="
    },
    "node_modules/is-svg-path": {
      "version": "1.0.2",
      "resolved": "https://registry.npmjs.org/is-svg-path/-/is-svg-path-1.0.2.tgz",
      "integrity": "sha512-Lj4vePmqpPR1ZnRctHv8ltSh1OrSxHkhUkd7wi+VQdcdP15/KvQFyk7LhNuM7ZW0EVbJz8kZLVmL9quLrfq4Kg=="
    },
    "node_modules/js-tokens": {
      "version": "4.0.0",
      "resolved": "https://registry.npmjs.org/js-tokens/-/js-tokens-4.0.0.tgz",
      "integrity": "sha512-RdJUflcE3cUzKiMqQgsCu06FPu9UdIJO0beYbPhHN4k6apgJtifcoCtT9bcxOpYBtpD2kCM6Sbzg4CausW/PKQ=="
    },
    "node_modules/lodash": {
      "version": "4.17.21",
      "resolved": "https://registry.npmjs.org/lodash/-/lodash-4.17.21.tgz",
      "integrity": "sha512-v2kDEe57lecTulaDIuNTPy3Ry4gLGJ6Z1O3vE1krgXZNrsQ+LFTGHVxVjcXPs17LhbZVGedAJv8XZ1tvj5FvSg=="
    },
    "node_modules/lodash._basebind": {
      "version": "2.3.0",
      "resolved": "https://registry.npmjs.org/lodash._basebind/-/lodash._basebind-2.3.0.tgz",
      "integrity": "sha512-SHqM7YCuJ+BeGTs7lqpWnmdHEeF4MWxS3dksJctHFNxR81FXPOzA4bS5Vs5CpcGTkBpM8FCl+YEbQEblRw8ABg==",
      "dependencies": {
        "lodash._basecreate": "~2.3.0",
        "lodash._setbinddata": "~2.3.0",
        "lodash.isobject": "~2.3.0"
      }
    },
    "node_modules/lodash._basecreate": {
      "version": "2.3.0",
      "resolved": "https://registry.npmjs.org/lodash._basecreate/-/lodash._basecreate-2.3.0.tgz",
      "integrity": "sha512-vwZaWldZwS2y9b99D8i9+WtgiZXbHKsBsMrpxJEqTsNW20NhJo5W8PBQkeQO9CmxuqEYn8UkMnfEM2MMT4cVrw==",
      "dependencies": {
        "lodash._renative": "~2.3.0",
        "lodash.isobject": "~2.3.0",
        "lodash.noop": "~2.3.0"
      }
    },
    "node_modules/lodash._basecreatecallback": {
      "version": "2.3.0",
      "resolved": "https://registry.npmjs.org/lodash._basecreatecallback/-/lodash._basecreatecallback-2.3.0.tgz",
      "integrity": "sha512-Ev+pDzzfVfgbiucpXijconLGRBar7/+KNCf05kSnk4CmdDVhAy1RdbU9efCJ/o9GXI08JdUGwZ+5QJ3QX3kj0g==",
      "dependencies": {
        "lodash._setbinddata": "~2.3.0",
        "lodash.bind": "~2.3.0",
        "lodash.identity": "~2.3.0",
        "lodash.support": "~2.3.0"
      }
    },
    "node_modules/lodash._basecreatewrapper": {
      "version": "2.3.0",
      "resolved": "https://registry.npmjs.org/lodash._basecreatewrapper/-/lodash._basecreatewrapper-2.3.0.tgz",
      "integrity": "sha512-YLycQ7k8AB9Wc1EOvLNxuRWcqipDkMXq2GCgnLWQR6qtgTb3gY3LELzEpnFshrEO4LOLs+R2EpcY+uCOZaLQ8Q==",
      "dependencies": {
        "lodash._basecreate": "~2.3.0",
        "lodash._setbinddata": "~2.3.0",
        "lodash._slice": "~2.3.0",
        "lodash.isobject": "~2.3.0"
      }
    },
    "node_modules/lodash._createwrapper": {
      "version": "2.3.0",
      "resolved": "https://registry.npmjs.org/lodash._createwrapper/-/lodash._createwrapper-2.3.0.tgz",
      "integrity": "sha512-XjaI/rzg9W+WO4WJDQ+PRlHD5sAMJ1RhJLuT65cBxLCb1kIYs4U20jqvTDGAWyVT3c34GYiLd9AreHYuB/8yJA==",
      "dependencies": {
        "lodash._basebind": "~2.3.0",
        "lodash._basecreatewrapper": "~2.3.0",
        "lodash.isfunction": "~2.3.0"
      }
    },
    "node_modules/lodash._objecttypes": {
      "version": "2.3.0",
      "resolved": "https://registry.npmjs.org/lodash._objecttypes/-/lodash._objecttypes-2.3.0.tgz",
      "integrity": "sha512-jbA6QyHt9cw3BzvbWzIcnU3Z12jSneT6xBgz3Y782CJsN1tV5aTBKrFo2B4AkeHBNaxSrbPYZZpi1Lwj3xjdtg=="
    },
    "node_modules/lodash._renative": {
      "version": "2.3.0",
      "resolved": "https://registry.npmjs.org/lodash._renative/-/lodash._renative-2.3.0.tgz",
      "integrity": "sha512-v44MRirqYqZGK/h5UKoVqXWF2L+LUiLTU+Ogu5rHRVWJUA1uWIlHaMpG8f/OA8j++BzPMQij9+erXHtgFcbuwg=="
    },
    "node_modules/lodash._setbinddata": {
      "version": "2.3.0",
      "resolved": "https://registry.npmjs.org/lodash._setbinddata/-/lodash._setbinddata-2.3.0.tgz",
      "integrity": "sha512-xMFfbF7dL+sFtrdE49uHFmfpBAEwlFtfgMp86nQRlAF6aizYL+3MTbnYMKJSkP1W501PhsgiBED5kBbZd8kR2g==",
      "dependencies": {
        "lodash._renative": "~2.3.0",
        "lodash.noop": "~2.3.0"
      }
    },
    "node_modules/lodash._shimkeys": {
      "version": "2.3.0",
      "resolved": "https://registry.npmjs.org/lodash._shimkeys/-/lodash._shimkeys-2.3.0.tgz",
      "integrity": "sha512-9Iuyi7TiWMGa/9+2rqEE+Zwye4b/U2w7Saw6UX1h6Xs88mEER+uz9FZcEBPKMVKsad9Pw5GNAcIBRnW2jNpneQ==",
      "dependencies": {
        "lodash._objecttypes": "~2.3.0"
      }
    },
    "node_modules/lodash._slice": {
      "version": "2.3.0",
      "resolved": "https://registry.npmjs.org/lodash._slice/-/lodash._slice-2.3.0.tgz",
      "integrity": "sha512-7C61GhzRUv36gTafr+RIb+AomCAYsSATEoK4OP0VkNBcwvsM022Z22AVgqjjzikeNO1U29LzsJZDvLbiNPUYvA=="
    },
    "node_modules/lodash.bind": {
      "version": "2.3.0",
      "resolved": "https://registry.npmjs.org/lodash.bind/-/lodash.bind-2.3.0.tgz",
      "integrity": "sha512-goakyOo+FMN8lttMPnZ0UNlr5RlzX4IrUXyTJPT2A0tGCMXySupond9wzvDqTvVmYTcQjIKGrj8naJDS2xWAlQ==",
      "dependencies": {
        "lodash._createwrapper": "~2.3.0",
        "lodash._renative": "~2.3.0",
        "lodash._slice": "~2.3.0"
      }
    },
    "node_modules/lodash.foreach": {
      "version": "2.3.0",
      "resolved": "https://registry.npmjs.org/lodash.foreach/-/lodash.foreach-2.3.0.tgz",
      "integrity": "sha512-yLnyptVRJd0//AbGp480grgQG9iaDIV5uOgSbpurRy1dYybPbjNTLQ3FyLEQ84buVLPG7jyaiyvpzgfOutRB3Q==",
      "dependencies": {
        "lodash._basecreatecallback": "~2.3.0",
        "lodash.forown": "~2.3.0"
      }
    },
    "node_modules/lodash.forown": {
      "version": "2.3.0",
      "resolved": "https://registry.npmjs.org/lodash.forown/-/lodash.forown-2.3.0.tgz",
      "integrity": "sha512-dUnCsuQTtq3Y7bxPNoEEqjJjPL2ftLtcz2PTeRKvhbpdM514AvnqCjewHGsm/W+dwspIwa14KoWEZeizJ7smxA==",
      "dependencies": {
        "lodash._basecreatecallback": "~2.3.0",
        "lodash._objecttypes": "~2.3.0",
        "lodash.keys": "~2.3.0"
      }
    },
    "node_modules/lodash.identity": {
      "version": "2.3.0",
      "resolved": "https://registry.npmjs.org/lodash.identity/-/lodash.identity-2.3.0.tgz",
      "integrity": "sha512-NYJ2r2cwy3tkx/saqbIZEX6oQUzjWTnGRu7d/zmBjMCZos3eHBxCpbvWFWSetv8jFVrptsp6EbWjzNgBKhUoOA=="
    },
    "node_modules/lodash.isfunction": {
      "version": "2.3.0",
      "resolved": "https://registry.npmjs.org/lodash.isfunction/-/lodash.isfunction-2.3.0.tgz",
      "integrity": "sha512-X5lteBYlCrVO7Qc00fxP8W90fzRp6Ax9XcHANmU3OsZHdSyIVZ9ZlX5QTTpRq8aGY+9I5Rmd0UTzTIIyWPugEQ=="
    },
    "node_modules/lodash.isobject": {
      "version": "2.3.0",
      "resolved": "https://registry.npmjs.org/lodash.isobject/-/lodash.isobject-2.3.0.tgz",
      "integrity": "sha512-jo1pfV61C4TE8BfEzqaHj6EIKiSkFANJrB6yscwuCJMSRw5tbqjk4Gv7nJzk4Z6nFKobZjGZ8Qd41vmnwgeQqQ==",
      "dependencies": {
        "lodash._objecttypes": "~2.3.0"
      }
    },
    "node_modules/lodash.keys": {
      "version": "2.3.0",
      "resolved": "https://registry.npmjs.org/lodash.keys/-/lodash.keys-2.3.0.tgz",
      "integrity": "sha512-c0UW0ffqMxSCtoVbmVt2lERJLkEqgoOn2ejPsWXzr0ZrqRbl3uruGgwHzhtqXxi6K/ei3Ey7zimOqSwXgzazPg==",
      "dependencies": {
        "lodash._renative": "~2.3.0",
        "lodash._shimkeys": "~2.3.0",
        "lodash.isobject": "~2.3.0"
      }
    },
    "node_modules/lodash.noop": {
      "version": "2.3.0",
      "resolved": "https://registry.npmjs.org/lodash.noop/-/lodash.noop-2.3.0.tgz",
      "integrity": "sha512-NpSm8HRm1WkBBWHUveDukLF4Kfb5P5E3fjHc9Qre9A11nNubozLWD2wH3UBTZbu+KSuX8aSUvy9b+PUyEceJ8g=="
    },
    "node_modules/lodash.support": {
      "version": "2.3.0",
      "resolved": "https://registry.npmjs.org/lodash.support/-/lodash.support-2.3.0.tgz",
      "integrity": "sha512-etc7VWbB0U3Iya8ixj2xy4sDBN3jvPX7ODi8iXtn4KkkjNpdngrdc7Vlt5jub/Vgqx6/dWtp7Ml9awhCQPYKGQ==",
      "dependencies": {
        "lodash._renative": "~2.3.0"
      }
    },
    "node_modules/loose-envify": {
      "version": "1.4.0",
      "resolved": "https://registry.npmjs.org/loose-envify/-/loose-envify-1.4.0.tgz",
      "integrity": "sha512-lyuxPGr/Wfhrlem2CL/UcnUc1zcqKAImBDzukY7Y5F/yQiNdko6+fRLevlw1HgMySw7f611UIY408EtxRSoK3Q==",
      "dependencies": {
        "js-tokens": "^3.0.0 || ^4.0.0"
      },
      "bin": {
        "loose-envify": "cli.js"
      }
    },
    "node_modules/normalize-svg-path": {
      "version": "1.1.0",
      "resolved": "https://registry.npmjs.org/normalize-svg-path/-/normalize-svg-path-1.1.0.tgz",
      "integrity": "sha512-r9KHKG2UUeB5LoTouwDzBy2VxXlHsiM6fyLQvnJa0S5hrhzqElH/CH7TUGhT1fVvIYBIKf3OpY4YJ4CK+iaqHg==",
      "dependencies": {
        "svg-arc-to-cubic-bezier": "^3.0.0"
      }
    },
    "node_modules/pako": {
      "version": "2.1.0",
      "resolved": "https://registry.npmjs.org/pako/-/pako-2.1.0.tgz",
      "integrity": "sha512-w+eufiZ1WuJYgPXbV/PO3NCMEc3xqylkKHzp8bxp1uW4qaSNQUkwmLLEc3kKsfz8lpV1F8Ht3U1Cm+9Srog2ug=="
    },
    "node_modules/papaparse": {
      "version": "5.4.1",
      "resolved": "https://registry.npmjs.org/papaparse/-/papaparse-5.4.1.tgz",
      "integrity": "sha512-HipMsgJkZu8br23pW15uvo6sib6wne/4woLZPlFf3rpDyMe9ywEXUsuD7+6K9PRkJlVT51j/sCOYDKGGS3ZJrw=="
    },
    "node_modules/parse-svg-path": {
      "version": "0.1.2",
      "resolved": "https://registry.npmjs.org/parse-svg-path/-/parse-svg-path-0.1.2.tgz",
      "integrity": "sha512-JyPSBnkTJ0AI8GGJLfMXvKq42cj5c006fnLz6fXy6zfoVjJizi8BNTpu8on8ziI1cKy9d9DGNuY17Ce7wuejpQ=="
    },
    "node_modules/parseunit": {
      "version": "0.3.1",
      "resolved": "https://registry.npmjs.org/parseunit/-/parseunit-0.3.1.tgz",
      "integrity": "sha512-kKtTgCJDsktOHsnvRR/B5DhWi3a/RZ5M9XjVQZGbOatcam+/tk4sMOCQ1WM9Rswfr78zWGBgHNbWTyJvfR0ejg=="
    },
    "node_modules/pathfinding": {
      "version": "0.4.18",
      "resolved": "https://registry.npmjs.org/pathfinding/-/pathfinding-0.4.18.tgz",
      "integrity": "sha512-R0TGEQ9GRcFCDvAWlJAWC+KGJ9SLbW4c0nuZRcioVlXVTlw+F5RvXQ8SQgSqI9KXWC1ew95vgmIiyaWTlCe9Ag==",
      "dependencies": {
        "heap": "0.2.5"
      }
    },
    "node_modules/react": {
      "version": "18.3.1",
      "resolved": "https://registry.npmjs.org/react/-/react-18.3.1.tgz",
      "integrity": "sha512-wS+hAgJShR0KhEvPJArfuPVN1+Hz1t0Y6n5jLrGQbkb4urgPE/0Rve+1kMB1v/oWgHgm4WIcV+i7F2pTVj+2iQ==",
      "dependencies": {
        "loose-envify": "^1.1.0"
      },
      "engines": {
        "node": ">=0.10.0"
      }
    },
    "node_modules/react-dom": {
      "version": "18.3.1",
      "resolved": "https://registry.npmjs.org/react-dom/-/react-dom-18.3.1.tgz",
      "integrity": "sha512-5m4nQKp+rZRb09LNH59GM4BxTh9251/ylbKIbpe7TpGxfJ+9kv6BLkLBXIjjspbgbnIBNqlI23tRnTWT0snUIw==",
      "dependencies": {
        "loose-envify": "^1.1.0",
        "scheduler": "^0.23.2"
      },
      "peerDependencies": {
        "react": "^18.3.1"
      }
    },
    "node_modules/react-error-boundary": {
      "version": "4.0.13",
      "resolved": "https://registry.npmjs.org/react-error-boundary/-/react-error-boundary-4.0.13.tgz",
      "integrity": "sha512-b6PwbdSv8XeOSYvjt8LpgpKrZ0yGdtZokYwkwV2wlcZbxgopHX/hgPl5VgpnoVOWd868n1hktM8Qm4b+02MiLQ==",
      "dependencies": {
        "@babel/runtime": "^7.12.5"
      },
      "peerDependencies": {
        "react": ">=16.13.1"
      }
    },
    "node_modules/react-reconciler": {
      "version": "0.29.0",
      "resolved": "https://registry.npmjs.org/react-reconciler/-/react-reconciler-0.29.0.tgz",
      "integrity": "sha512-wa0fGj7Zht1EYMRhKWwoo1H9GApxYLBuhoAuXN0TlltESAjDssB+Apf0T/DngVqaMyPypDmabL37vw/2aRM98Q==",
      "dependencies": {
        "loose-envify": "^1.1.0",
        "scheduler": "^0.23.0"
      },
      "engines": {
        "node": ">=0.10.0"
      },
      "peerDependencies": {
        "react": "^18.2.0"
      }
    },
    "node_modules/react-supergrid": {
      "version": "1.0.10",
      "resolved": "https://registry.npmjs.org/react-supergrid/-/react-supergrid-1.0.10.tgz",
      "integrity": "sha512-dJd9wkH6BJkdfkv62EcRAIBn59e2wj58bJFVXiW/ZHQzxz20qIql63fTU2qFMOujXnBIDaMG0uTod67/mjEGeA==",
      "peerDependencies": {
        "react": "*",
        "react-dom": "*",
        "transformation-matrix": "*"
      }
    },
    "node_modules/rectilinear-router": {
      "version": "1.0.1",
      "resolved": "https://registry.npmjs.org/rectilinear-router/-/rectilinear-router-1.0.1.tgz",
      "integrity": "sha512-3cLXo9A8/jK36nU5XRTC0V/9DLn0ORBaI02nYqGnoscazzo1xphyzzmQIJK8QjyNSBqoDAypkpOEP0khMMIPPw==",
      "dependencies": {
        "lodash": "^4.17.21",
        "rsmt-ts": "^1.1.4"
      }
    },
    "node_modules/regenerator-runtime": {
      "version": "0.14.1",
      "resolved": "https://registry.npmjs.org/regenerator-runtime/-/regenerator-runtime-0.14.1.tgz",
      "integrity": "sha512-dYnhHh0nJoMfnkZs6GmmhFknAGRrLznOu5nc9ML+EJxGvrx6H7teuevqVqCuPcPK//3eDrrjQhehXVx9cnkGdw=="
    },
    "node_modules/rsmt-ts": {
      "version": "1.1.6",
      "resolved": "https://registry.npmjs.org/rsmt-ts/-/rsmt-ts-1.1.6.tgz",
      "integrity": "sha512-SKq3nla9/X4YUJX+DkInHbdZ/iEfVkGnpvP8zaF9/vv09vpHHmpiHv129zpKkVjVr7dML9lBGBdTok41Z3rQnQ==",
      "dependencies": {
        "glpk.js": "^4.0.1"
      }
    },
    "node_modules/scheduler": {
      "version": "0.23.2",
      "resolved": "https://registry.npmjs.org/scheduler/-/scheduler-0.23.2.tgz",
      "integrity": "sha512-UOShsPwz7NrMUqhR6t0hWjFduvOzbtv7toDH1/hIrfRNIDBnnBWd0CwJTGvTpngVlmwGCdP9/Zl/tVrDqcuYzQ==",
      "dependencies": {
        "loose-envify": "^1.1.0"
      }
    },
    "node_modules/svg-arc-to-cubic-bezier": {
      "version": "3.2.0",
      "resolved": "https://registry.npmjs.org/svg-arc-to-cubic-bezier/-/svg-arc-to-cubic-bezier-3.2.0.tgz",
      "integrity": "sha512-djbJ/vZKZO+gPoSDThGNpKDO+o+bAeA4XQKovvkNCqnIS2t+S4qnLAGQhyyrulhCFRl1WWzAp0wUDV8PpTVU3g=="
    },
    "node_modules/svg-path-bounds": {
      "version": "1.0.2",
      "resolved": "https://registry.npmjs.org/svg-path-bounds/-/svg-path-bounds-1.0.2.tgz",
      "integrity": "sha512-H4/uAgLWrppIC0kHsb2/dWUYSmb4GE5UqH06uqWBcg6LBjX2fu0A8+JrO2/FJPZiSsNOKZAhyFFgsLTdYUvSqQ==",
      "dependencies": {
        "abs-svg-path": "^0.1.1",
        "is-svg-path": "^1.0.1",
        "normalize-svg-path": "^1.0.0",
        "parse-svg-path": "^0.1.2"
      }
    },
    "node_modules/to-no-case": {
      "version": "1.0.2",
      "resolved": "https://registry.npmjs.org/to-no-case/-/to-no-case-1.0.2.tgz",
      "integrity": "sha512-Z3g735FxuZY8rodxV4gH7LxClE4H0hTIyHNIHdk+vpQxjLm0cwnKXq/OFVZ76SOQmto7txVcwSCwkU5kqp+FKg=="
    },
    "node_modules/to-snake-case": {
      "version": "1.0.0",
      "resolved": "https://registry.npmjs.org/to-snake-case/-/to-snake-case-1.0.0.tgz",
      "integrity": "sha512-joRpzBAk1Bhi2eGEYBjukEWHOe/IvclOkiJl3DtA91jV6NwQ3MwXA4FHYeqk8BNp/D8bmi9tcNbRu/SozP0jbQ==",
      "dependencies": {
        "to-space-case": "^1.0.0"
      }
    },
    "node_modules/to-space-case": {
      "version": "1.0.0",
      "resolved": "https://registry.npmjs.org/to-space-case/-/to-space-case-1.0.0.tgz",
      "integrity": "sha512-rLdvwXZ39VOn1IxGL3V6ZstoTbwLRckQmn/U8ZDLuWwIXNpuZDhQ3AiRUlhTbOXFVE9C+dR51wM0CBDhk31VcA==",
      "dependencies": {
        "to-no-case": "^1.0.0"
      }
    },
    "node_modules/transformation-matrix": {
      "version": "2.16.1",
      "resolved": "https://registry.npmjs.org/transformation-matrix/-/transformation-matrix-2.16.1.tgz",
      "integrity": "sha512-tdtC3wxVEuzU7X/ydL131Q3JU5cPMEn37oqVLITjRDSDsnSHVFzW2JiCLfZLIQEgWzZHdSy3J6bZzvKEN24jGA==",
      "funding": {
        "url": "https://github.com/sponsors/chrvadala"
      }
    },
    "node_modules/typescript": {
      "version": "5.4.5",
      "resolved": "https://registry.npmjs.org/typescript/-/typescript-5.4.5.tgz",
      "integrity": "sha512-vcI4UpRgg81oIRUFwR0WSIHKt11nJ7SAVlYNIu+QpqeyXP+gpQJy/Z4+F0aGxSE4MqwjyXvW/TzgkLAx2AGHwQ==",
      "peer": true,
      "bin": {
        "tsc": "bin/tsc",
        "tsserver": "bin/tsserver"
      },
      "engines": {
        "node": ">=14.17"
      }
    },
    "node_modules/use-mouse-matrix-transform": {
      "version": "1.1.13",
      "resolved": "https://registry.npmjs.org/use-mouse-matrix-transform/-/use-mouse-matrix-transform-1.1.13.tgz",
      "integrity": "sha512-NsP0j0Ifv9TywhqrNGfIhjpGzuyEzPK553ahn+LBVvZHZ6Gv+2T3tn41pJV6Syos1W7crWKolbP+XLfqa5BpCQ==",
      "dependencies": {
        "transformation-matrix": "^2.14.0"
      },
      "peerDependencies": {
        "react": "^18.2.0"
      }
    },
    "node_modules/zod": {
      "version": "3.23.8",
      "resolved": "https://registry.npmjs.org/zod/-/zod-3.23.8.tgz",
      "integrity": "sha512-XBx9AXhXktjUqnepgTiE5flcKIYWi/rme0Eaj+5Y0lftuGBq+jyRu/md4WnuxqgP1ubdpNCsYEYPxrzVHD8d6g==",
      "funding": {
        "url": "https://github.com/sponsors/colinhacks"
      }
    }
  }
}
