{
  "lockfileVersion": 1,
  "workspaces": {
    "": {
      "name": "project",
      "devDependencies": {
        "@tscircuit/core": "^0.0.359",
        "@types/react": "^19.0.12",
      },
    },
  },
  "packages": {
    "@lume/kiwi": ["@lume/kiwi@0.4.4", "", {}, "sha512-ie0YTKgiZqD4TXlJ4eUbfi4UEoKs6YlLRYNTfPm5eUXwfudTBmPRs7Qcxz2SWKDpVTwThv3sWG6zwtyAA0nPpw=="],

    "@tscircuit/capacity-autorouter": ["@tscircuit/capacity-autorouter@0.0.44", "", { "peerDependencies": { "typescript": "^5.7.3" } }, "sha512-goSarNo4khFeworI0rLGYKBGMnXF6UDSeO53DjbNvoo9Fxbt8827+a1iET17d1LiTXAltXdJrA9g6Zb0X4VQTA=="],

    "@tscircuit/checks": ["@tscircuit/checks@0.0.30", "", { "dependencies": { "@tscircuit/math-utils": "^0.0.12", "circuit-json-to-connectivity-map": "^0.0.19" }, "peerDependencies": { "circuit-json": "*", "typescript": "^5.5.3" } }, "sha512-2kB/XDSIWlJCfQqqHzGgStLWsaBEqPIyP5PyLHh79OUNswQPFglHHoYtNsOmcuGR/JpQni6TXg9Ngp/BBdNGIA=="],

    "@tscircuit/circuit-json-util": ["@tscircuit/circuit-json-util@0.0.45", "", { "dependencies": { "parsel-js": "^1.1.2" }, "peerDependencies": { "circuit-json": "*", "transformation-matrix": "*", "zod": "*" } }, "sha512-zIcI5Fp1UllIm/JsjJsXhmgRDYReDUddJtylh5PZnkRK3ZVkMj+HV34A39qGHeYDg3bhf/89OQoxz+1fL68jug=="],

    "@tscircuit/core": ["@tscircuit/core@0.0.359", "", { "dependencies": { "@lume/kiwi": "^0.4.3", "@tscircuit/capacity-autorouter": "^0.0.44", "@tscircuit/checks": "^0.0.30", "@tscircuit/circuit-json-util": "^0.0.45", "@tscircuit/infgrid-ijump-astar": "^0.0.33", "@tscircuit/math-utils": "^0.0.12", "@tscircuit/props": "^0.0.163", "@tscircuit/schematic-autolayout": "^0.0.6", "@tscircuit/soup-util": "^0.0.41", "circuit-json": "^0.0.153", "circuit-json-to-connectivity-map": "^0.0.17", "format-si-unit": "^0.0.3", "nanoid": "^5.0.7", "performance-now": "^2.1.0", "react-reconciler": "^0.31.0", "react-reconciler-18": "npm:react-reconciler@0.29.2", "schematic-symbols": "^0.0.121", "transformation-matrix": "^2.16.1", "zod": "^3.23.8" }, "peerDependencies": { "@tscircuit/footprinter": "*", "typescript": "^5.0.0" } }, "sha512-cq9H7SAD46bd4GMD3OS7ALXSPHQnabWFnB85R05vYQBNLC49n/3se1cM9EVfuk7DBWY4Gpk6oUlcGnErF7vdgQ=="],

    "@tscircuit/footprinter": ["@tscircuit/footprinter@0.0.151", "", { "dependencies": { "@tscircuit/mm": "^0.0.8", "zod": "^3.23.8" }, "peerDependencies": { "circuit-json": "*" } }, "sha512-+n8lSqNFcw9vbymkA3brMmKuZL5rvnhHvOH04A7lcUl6XQHUTUB800Ypse3O6NRirBxiVYWmn5DgTpxwlbX0Lw=="],

    "@tscircuit/infgrid-ijump-astar": ["@tscircuit/infgrid-ijump-astar@0.0.33", "", {}, "sha512-tmX4Esp+HqyIGCUD43steVUH8pKRuyBNs21r4NlApGGLu+K1XSrK9FinhVJyMiEsuwJdajLnMTzmVt8vSYSafA=="],

    "@tscircuit/layout": ["@tscircuit/layout@0.0.29", "", { "dependencies": { "@tscircuit/soup-util": "*", "transformation-matrix": "^2.16.1", "zod": "*" }, "peerDependencies": { "@tscircuit/manual-edit-events": "*", "@tscircuit/schematic-autolayout": "*", "@tscircuit/soup-util": "*", "circuit-json": "*", "zod": "*" } }, "sha512-3V1SikE147UT/ag8/BRX5oBjYc6H0ZdV+7Et+ljp8fMyQy2P9EMbNKjS0yaXI1SSNgxfnEmDWqImw1JB0oWeXg=="],

    "@tscircuit/manual-edit-events": ["@tscircuit/manual-edit-events@0.0.6", "", { "dependencies": { "zod": "^3.23.8" } }, "sha512-PLgy+/Dsw1YcnNVNqfieNGTNIaRKRJ70Jt2LcSMljwaBOtsiOwtdzj24xCYO9XzJUZc7opKytShMlx863PehTQ=="],

    "@tscircuit/math-utils": ["@tscircuit/math-utils@0.0.12", "", { "peerDependencies": { "typescript": "^5.0.0" } }, "sha512-pYk39tdEdgyaoT2kHd+1QKVVfztOKVn+BoyxTH9HREWaPsf3C90VkY2blRUKS26VcEzvcbxKlURW0JGkUgqlOg=="],

    "@tscircuit/mm": ["@tscircuit/mm@0.0.8", "", { "peerDependencies": { "typescript": "^5.0.0" } }, "sha512-nl7nxE7AhARbKuobflI0LUzoir7+wJyvwfPw6bzA/O0Q3YTcH3vBkU/Of+V/fp6ht+AofiCXj7YAH9E446138Q=="],

    "@tscircuit/props": ["@tscircuit/props@0.0.163", "", { "peerDependencies": { "@tscircuit/layout": "*", "circuit-json": "*", "react": "*", "zod": "*" } }, "sha512-AVs17q0L7IqpXJ00k1QWTjGZ2neP/GsJwxlu5zI4+WxA6uaVJ3F9peVH3+pfmPQzXcrO1E+JFUGcXHbdGaF0oQ=="],

    "@tscircuit/schematic-autolayout": ["@tscircuit/schematic-autolayout@0.0.6", "", { "dependencies": { "@tscircuit/soup-util": "^0.0.38", "transformation-matrix": "^2.16.1" } }, "sha512-34cQxtlSylBKyHkzaMBCynaWJgN9c/mWm7cz63StTYIafKmfFs383K8Xoc4QX8HXCvVrHYl1aK15onZua9MxeA=="],

    "@tscircuit/soup-util": ["@tscircuit/soup-util@0.0.41", "", { "dependencies": { "parsel-js": "^1.1.2" }, "peerDependencies": { "circuit-json": "*", "transformation-matrix": "*", "zod": "*" } }, "sha512-47JKWBUKkRVHhad0HhBbdOJxB6v/eiac46beiKRBMlJqiZ1gPGI276v9iZfpF7c4hXR69cURcgiwuA5vowrFEg=="],

    "@types/react": ["@types/react@19.0.12", "", { "dependencies": { "csstype": "^3.0.2" } }, "sha512-V6Ar115dBDrjbtXSrS+/Oruobc+qVbbUxDFC1RSbRqLt5SYvxxyIDrSC85RWml54g+jfNeEMZhEj7wW07ONQhA=="],

    "circuit-json": ["circuit-json@0.0.153", "", { "dependencies": { "nanoid": "^5.0.7", "zod": "^3.23.6" } }, "sha512-gRjXgFOZam7yhVhXtwNa5YxFF4syd2hB/gIndEsuuwuy6YjDRSAhZk93oeiDY9+V81RuiBUYK11jahDn+dDEsQ=="],

    "circuit-json-to-connectivity-map": ["circuit-json-to-connectivity-map@0.0.17", "", { "dependencies": { "@tscircuit/math-utils": "^0.0.4" }, "peerDependencies": { "typescript": "^5.0.0" } }, "sha512-0IlFTwGWFXzlrYSvXQocXi6pYriF/JKnfihfvnVZ4p60kMC+1QvtJdivW9C4I0VNXEe922xak70v3YZNJrjI1g=="],

    "csstype": ["csstype@3.1.3", "", {}, "sha512-M1uQkMl8rQK/szD0LNhtqxIPLpimGm8sOBwU7lLnCpSbTyY3yeU1Vc7l4KT5zT4s/yOxHH5O7tIuuLOCnLADRw=="],

    "format-si-unit": ["format-si-unit@0.0.3", "", { "peerDependencies": { "typescript": "^5.0.0" } }, "sha512-rhw1g1mOoLV497FtKNbzBPE4fJXfWRmIEPRO0DKXpEPvS54vRLjG8e1jE4vOcjZg4bsoOPJkM9jB6yGk+0XKmQ=="],

    "js-tokens": ["js-tokens@4.0.0", "", {}, "sha512-RdJUflcE3cUzKiMqQgsCu06FPu9UdIJO0beYbPhHN4k6apgJtifcoCtT9bcxOpYBtpD2kCM6Sbzg4CausW/PKQ=="],

    "loose-envify": ["loose-envify@1.4.0", "", { "dependencies": { "js-tokens": "^3.0.0 || ^4.0.0" }, "bin": "cli.js" }, "sha512-lyuxPGr/Wfhrlem2CL/UcnUc1zcqKAImBDzukY7Y5F/yQiNdko6+fRLevlw1HgMySw7f611UIY408EtxRSoK3Q=="],

    "nanoid": ["nanoid@5.1.5", "", { "bin": "bin/nanoid.js" }, "sha512-Ir/+ZpE9fDsNH0hQ3C68uyThDXzYcim2EqcZ8zn8Chtt1iylPT9xXJB0kPCnqzgcEGikO9RxSrh63MsmVCU7Fw=="],

    "parsel-js": ["parsel-js@1.2.1", "", {}, "sha512-omFBig09mUh/NjBGba4DxVFAsqCY4C/6UYIaJuDOxJw2GlpgUJdPlNF301971gCP3Gt727+F+NZIXN483VAKIg=="],

    "performance-now": ["performance-now@2.1.0", "", {}, "sha512-7EAHlyLHI56VEIdK57uwHdHKIaAGbnXPiw0yWbarQZOKaKpvUIgW0jWRVLiatnM+XXlSwsanIBH/hzGMJulMow=="],

    "react": ["react@19.0.0", "", {}, "sha512-V8AVnmPIICiWpGfm6GLzCR/W5FXLchHop40W4nXBmdlEceh16rCN8O8LNWm5bh5XUX91fh7KpA+W0TgMKmgTpQ=="],

    "react-reconciler": ["react-reconciler@0.31.0", "", { "dependencies": { "scheduler": "^0.25.0" }, "peerDependencies": { "react": "^19.0.0" } }, "sha512-7Ob7Z+URmesIsIVRjnLoDGwBEG/tVitidU0nMsqX/eeJaLY89RISO/10ERe0MqmzuKUUB1rmY+h1itMbUHg9BQ=="],

    "react-reconciler-18": ["react-reconciler@0.29.2", "", { "dependencies": { "loose-envify": "^1.1.0", "scheduler": "^0.23.2" }, "peerDependencies": { "react": "^18.3.1" } }, "sha512-zZQqIiYgDCTP/f1N/mAR10nJGrPD2ZR+jDSEsKWJHYC7Cm2wodlwbR3upZRdC3cjIjSlTLNVyO7Iu0Yy7t2AYg=="],

    "scheduler": ["scheduler@0.25.0", "", {}, "sha512-xFVuu11jh+xcO7JOAGJNOXld8/TcEHK/4CituBUeUb5hqxJLj9YuemAEuvm9gQ/+pgXYfbQuqAkiYu+u7YEsNA=="],

    "schematic-symbols": ["schematic-symbols@0.0.121", "", { "peerDependencies": { "typescript": "^5.5.4" } }, "sha512-xqWY43VC10wIVL+Kf8PlHj27Ojr7JdFeFHTRoSvmc6zvHirPQiXlnb3l70BerZQy6S/EOH+Q9yGRADYU0m8T1w=="],

    "transformation-matrix": ["transformation-matrix@2.16.1", "", {}, "sha512-tdtC3wxVEuzU7X/ydL131Q3JU5cPMEn37oqVLITjRDSDsnSHVFzW2JiCLfZLIQEgWzZHdSy3J6bZzvKEN24jGA=="],

    "typescript": ["typescript@5.8.2", "", { "bin": { "tsc": "bin/tsc", "tsserver": "bin/tsserver" } }, "sha512-aJn6wq13/afZp/jT9QZmwEjDqqvSGp1VT5GVg+f/t6/oVyrgXM6BY1h9BRh/O5p3PlUPAe+WuiEZOmb/49RqoQ=="],

    "zod": ["zod@3.24.2", "", {}, "sha512-lY7CDW43ECgW9u1TcT3IoXHflywfVqDYze4waEz812jR/bZ8FHDsl7pFQoSZTz5N+2NqRXs8GBwnAwo3ZNxqhQ=="],

    "@tscircuit/checks/circuit-json-to-connectivity-map": ["circuit-json-to-connectivity-map@0.0.19", "", { "dependencies": { "@tscircuit/math-utils": "^0.0.9" }, "peerDependencies": { "typescript": "^5.0.0" } }, "sha512-EJgeuBjCCvlKC+CjnR+yKppSi+/027x3uvXr0PR77iofR629BnVDgWv/0wKLJU7YlklcbpyUvOPyPCE1k2+WQQ=="],

    "@tscircuit/schematic-autolayout/@tscircuit/soup-util": ["@tscircuit/soup-util@0.0.38", "", { "dependencies": { "parsel-js": "^1.1.2" }, "peerDependencies": { "circuit-json": "*", "transformation-matrix": "*", "zod": "*" } }, "sha512-GdcuFxk+qnJZv+eI7ZoJ1MJEseFgRyaztMtQ/OXA2SUnxyPEH0UTy9vkhKTm+8GTePryEgdXcc65TgUyrr44ww=="],

    "circuit-json-to-connectivity-map/@tscircuit/math-utils": ["@tscircuit/math-utils@0.0.4", "", { "peerDependencies": { "typescript": "^5.0.0" } }, "sha512-8Bu/C+go95Zk9AXb4Pe37OgObGhOd5F7UIzXV+u1PKuhpJpGjr+X/WHBzSI7xHrBSvwsf39/Luooe4b3djuzgQ=="],

    "react-reconciler-18/react": ["react@18.3.1", "", { "dependencies": { "loose-envify": "^1.1.0" } }, "sha512-wS+hAgJShR0KhEvPJArfuPVN1+Hz1t0Y6n5jLrGQbkb4urgPE/0Rve+1kMB1v/oWgHgm4WIcV+i7F2pTVj+2iQ=="],

    "react-reconciler-18/scheduler": ["scheduler@0.23.2", "", { "dependencies": { "loose-envify": "^1.1.0" } }, "sha512-UOShsPwz7NrMUqhR6t0hWjFduvOzbtv7toDH1/hIrfRNIDBnnBWd0CwJTGvTpngVlmwGCdP9/Zl/tVrDqcuYzQ=="],

    "@tscircuit/checks/circuit-json-to-connectivity-map/@tscircuit/math-utils": ["@tscircuit/math-utils@0.0.9", "", { "peerDependencies": { "typescript": "^5.0.0" } }, "sha512-sPzfXndijet8z29X6f5vnSZddiso2tRg7m6rB+268bVj60mxnxUMD14rKuMlLn6n84fMOpD/X7pRTZUfi6M+Tg=="],
  }
}
